# generated by rye
# use `rye lock` or `rye sync` to update this lockfile
#
# last locked with the following flags:
#   pre: false
#   features: []
#   all-features: false
#   with-sources: false

-e file:.
appnope==0.1.4
    # via ipykernel
asttokens==2.4.1
    # via stack-data
catboost==1.2.3
    # via ml-trainer
cfgv==3.4.0
    # via pre-commit
comm==0.2.1
    # via ipykernel
contourpy==1.2.0
    # via matplotlib
cycler==0.12.1
    # via matplotlib
debugpy==1.8.1
    # via ipykernel
decorator==5.1.1
    # via ipython
distlib==0.3.8
    # via virtualenv
executing==2.0.1
    # via stack-data
filelock==3.13.1
    # via virtualenv
fonttools==4.49.0
    # via matplotlib
graphviz==0.20.1
    # via catboost
identify==2.5.35
    # via pre-commit
iniconfig==2.0.0
    # via pytest
ipykernel==6.29.3
ipython==8.22.1
    # via ipykernel
japanize-matplotlib==1.1.3
    # via ml-trainer
jedi==0.19.1
    # via ipython
joblib==1.3.2
    # via scikit-learn
jupyter-client==8.6.0
    # via ipykernel
jupyter-core==5.7.1
    # via ipykernel
    # via jupyter-client
kiwisolver==1.4.5
    # via matplotlib
lightgbm==4.3.0
    # via ml-trainer
markdown-it-py==3.0.0
    # via rich
matplotlib==3.8.3
    # via catboost
    # via japanize-matplotlib
    # via seaborn
matplotlib-inline==0.1.6
    # via ipykernel
    # via ipython
mdurl==0.1.2
    # via markdown-it-py
mypy==1.8.0
mypy-extensions==1.0.0
    # via mypy
nest-asyncio==1.6.0
    # via ipykernel
nodeenv==1.8.0
    # via pre-commit
numpy==1.26.4
    # via catboost
    # via contourpy
    # via lightgbm
    # via matplotlib
    # via ml-trainer
    # via scikit-learn
    # via scipy
    # via seaborn
    # via xgboost
packaging==23.2
    # via ipykernel
    # via matplotlib
    # via plotly
    # via pytest
pandas==2.2.1
    # via catboost
    # via ml-trainer
    # via seaborn
parso==0.8.3
    # via jedi
pexpect==4.9.0
    # via ipython
pillow==10.2.0
    # via matplotlib
platformdirs==4.2.0
    # via jupyter-core
    # via virtualenv
plotly==5.19.0
    # via catboost
pluggy==1.4.0
    # via pytest
polars==0.20.10
    # via ml-trainer
pre-commit==3.6.2
prompt-toolkit==3.0.43
    # via ipython
psutil==5.9.8
    # via ipykernel
ptyprocess==0.7.0
    # via pexpect
pure-eval==0.2.2
    # via stack-data
pygments==2.17.2
    # via ipython
    # via rich
pyparsing==3.1.1
    # via matplotlib
pytest==8.0.2
    # via ml-trainer
python-dateutil==2.8.2
    # via jupyter-client
    # via matplotlib
    # via pandas
pytz==2024.1
    # via pandas
pyyaml==6.0.1
    # via pre-commit
pyzmq==25.1.2
    # via ipykernel
    # via jupyter-client
rich==13.7.1
    # via ml-trainer
ruff==0.2.2
scikit-learn==1.4.1.post1
    # via ml-trainer
scipy==1.12.0
    # via catboost
    # via lightgbm
    # via scikit-learn
    # via xgboost
seaborn==0.13.2
    # via ml-trainer
setuptools==69.1.1
    # via nodeenv
six==1.16.0
    # via asttokens
    # via catboost
    # via python-dateutil
stack-data==0.6.3
    # via ipython
tenacity==8.2.3
    # via plotly
threadpoolctl==3.3.0
    # via scikit-learn
tornado==6.4
    # via ipykernel
    # via jupyter-client
traitlets==5.14.1
    # via comm
    # via ipykernel
    # via ipython
    # via jupyter-client
    # via jupyter-core
    # via matplotlib-inline
typing-extensions==4.9.0
    # via mypy
tzdata==2024.1
    # via pandas
virtualenv==20.25.1
    # via pre-commit
wcwidth==0.2.13
    # via prompt-toolkit
xgboost==2.0.3
    # via ml-trainer
